
Microsoft Visual Studio Solution File, Format Version 12.00
# Visual Studio 15
VisualStudioVersion = 15.0.27703.2042
MinimumVisualStudioVersion = 10.0.40219.1
Project("{FAE04EC0-301F-11D3-BF4B-00C04F79EFBC}") = "Ray-Ketcham-CST-117-Exercise-6", "Ray-Ketcham-CST-117-Exercise-6\Ray-Ketcham-CST-117-Exercise-6.csproj", "{C77855BC-6992-4406-ACF8-C38722A9B6F3}"
EndProject
Global
	GlobalSection(SolutionConfigurationPlatforms) = preSolution
		Debug|Any CPU = Debug|Any CPU
		Release|Any CPU = Release|Any CPU
	EndGlobalSection
	GlobalSection(ProjectConfigurationPlatforms) = postSolution
		{C77855BC-6992-4406-ACF8-C38722A9B6F3}.Debug|Any CPU.ActiveCfg = Debug|Any CPU
		{C77855BC-6992-4406-ACF8-C38722A9B6F3}.Debug|Any CPU.Build.0 = Debug|Any CPU
		{C77855BC-6992-4406-ACF8-C38722A9B6F3}.Release|Any CPU.ActiveCfg = Release|Any CPU
		{C77855BC-6992-4406-ACF8-C38722A9B6F3}.Release|Any CPU.Build.0 = Release|Any CPU
	EndGlobalSection
	GlobalSection(SolutionProperties) = preSolution
		HideSolutionNode = FALSE
	EndGlobalSection
	GlobalSection(ExtensibilityGlobals) = postSolution
		SolutionGuid = {E63935AD-450C-458B-9073-A0FC143D640D}
	EndGlobalSection
EndGlobal
